
Microsoft Visual Studio Solution File, Format Version 12.00
# Visual Studio Version 16
VisualStudioVersion = 16.0.31911.196
MinimumVisualStudioVersion = 10.0.40219.1
Project("{8BC9CEB8-8B4A-11D0-8D11-00A0C91BC942}") = "HumanRunnerTable", "HumanRunnerTable\HumanRunnerTable.vcxproj", "{F73EBBEE-1C2C-43FA-BA5D-199FD8C8CDE9}"
EndProject
Global
	GlobalSection(SolutionConfigurationPlatforms) = preSolution
		Debug|x64 = Debug|x64
		Debug|x86 = Debug|x86
		Release|x64 = Release|x64
		Release|x86 = Release|x86
	EndGlobalSection
	GlobalSection(ProjectConfigurationPlatforms) = postSolution
		{F73EBBEE-1C2C-43FA-BA5D-199FD8C8CDE9}.Debug|x64.ActiveCfg = Debug|x64
		{F73EBBEE-1C2C-43FA-BA5D-199FD8C8CDE9}.Debug|x64.Build.0 = Debug|x64
		{F73EBBEE-1C2C-43FA-BA5D-199FD8C8CDE9}.Debug|x86.ActiveCfg = Debug|Win32
		{F73EBBEE-1C2C-43FA-BA5D-199FD8C8CDE9}.Debug|x86.Build.0 = Debug|Win32
		{F73EBBEE-1C2C-43FA-BA5D-199FD8C8CDE9}.Release|x64.ActiveCfg = Release|x64
		{F73EBBEE-1C2C-43FA-BA5D-199FD8C8CDE9}.Release|x64.Build.0 = Release|x64
		{F73EBBEE-1C2C-43FA-BA5D-199FD8C8CDE9}.Release|x86.ActiveCfg = Release|Win32
		{F73EBBEE-1C2C-43FA-BA5D-199FD8C8CDE9}.Release|x86.Build.0 = Release|Win32
	EndGlobalSection
	GlobalSection(SolutionProperties) = preSolution
		HideSolutionNode = FALSE
	EndGlobalSection
	GlobalSection(ExtensibilityGlobals) = postSolution
		SolutionGuid = {5333C8DD-61DE-4833-BF34-FF3FC5E56689}
	EndGlobalSection
EndGlobal
